// !$*UTF8*$!
{
	archiveVersion = 1;
	classes = {
	};
	objectVersion = 50;
	objects = {

/* Begin PBXBuildFile section */
		DB918D8F20D51C8D00C1E773 /* AppDelegate.swift in Sources */ = {isa = PBXBuildFile; fileRef = DB918D8E20D51C8D00C1E773 /* AppDelegate.swift */; };
		DB918D9120D51C8D00C1E773 /* ViewController.swift in Sources */ = {isa = PBXBuildFile; fileRef = DB918D9020D51C8D00C1E773 /* ViewController.swift */; };
		DB918D9420D51C8D00C1E773 /* Main.storyboard in Resources */ = {isa = PBXBuildFile; fileRef = DB918D9220D51C8D00C1E773 /* Main.storyboard */; };
		DB918D9620D51C8F00C1E773 /* Assets.xcassets in Resources */ = {isa = PBXBuildFile; fileRef = DB918D9520D51C8F00C1E773 /* Assets.xcassets */; };
		DB918D9920D51C8F00C1E773 /* LaunchScreen.storyboard in Resources */ = {isa = PBXBuildFile; fileRef = DB918D9720D51C8F00C1E773 /* LaunchScreen.storyboard */; };
		DB918DA420D51C8F00C1E773 /* CalenderApp2Tests.swift in Sources */ = {isa = PBXBuildFile; fileRef = DB918DA320D51C8F00C1E773 /* CalenderApp2Tests.swift */; };
		DB918DAF20D51C8F00C1E773 /* CalenderApp2UITests.swift in Sources */ = {isa = PBXBuildFile; fileRef = DB918DAE20D51C8F00C1E773 /* CalenderApp2UITests.swift */; };
		DB918DBE20E75EBC00C1E773 /* CollectionViewCell.swift in Sources */ = {isa = PBXBuildFile; fileRef = DB918DBC20E75EBC00C1E773 /* CollectionViewCell.swift */; };
		DB918DBF20E75EBC00C1E773 /* CollectionViewCell.xib in Resources */ = {isa = PBXBuildFile; fileRef = DB918DBD20E75EBC00C1E773 /* CollectionViewCell.xib */; };
/* End PBXBuildFile section */

/* Begin PBXContainerItemProxy section */
		DB918DA020D51C8F00C1E773 /* PBXContainerItemProxy */ = {
			isa = PBXContainerItemProxy;
			containerPortal = DB918D8320D51C8D00C1E773 /* Project object */;
			proxyType = 1;
			remoteGlobalIDString = DB918D8A20D51C8D00C1E773;
			remoteInfo = CalenderApp2;
		};
		DB918DAB20D51C8F00C1E773 /* PBXContainerItemProxy */ = {
			isa = PBXContainerItemProxy;
			containerPortal = DB918D8320D51C8D00C1E773 /* Project object */;
			proxyType = 1;
			remoteGlobalIDString = DB918D8A20D51C8D00C1E773;
			remoteInfo = CalenderApp2;
		};
/* End PBXContainerItemProxy section */

/* Begin PBXFileReference section */
		DB918D8B20D51C8D00C1E773 /* CalenderApp2.app */ = {isa = PBXFileReference; explicitFileType = wrapper.application; includeInIndex = 0; path = CalenderApp2.app; sourceTree = BUILT_PRODUCTS_DIR; };
		DB918D8E20D51C8D00C1E773 /* AppDelegate.swift */ = {isa = PBXFileReference; lastKnownFileType = sourcecode.swift; path = AppDelegate.swift; sourceTree = "<group>"; };
		DB918D9020D51C8D00C1E773 /* ViewController.swift */ = {isa = PBXFileReference; lastKnownFileType = sourcecode.swift; path = ViewController.swift; sourceTree = "<group>"; };
		DB918D9320D51C8D00C1E773 /* Base */ = {isa = PBXFileReference; lastKnownFileType = file.storyboard; name = Base; path = Base.lproj/Main.storyboard; sourceTree = "<group>"; };
		DB918D9520D51C8F00C1E773 /* Assets.xcassets */ = {isa = PBXFileReference; lastKnownFileType = folder.assetcatalog; path = Assets.xcassets; sourceTree = "<group>"; };
		DB918D9820D51C8F00C1E773 /* Base */ = {isa = PBXFileReference; lastKnownFileType = file.storyboard; name = Base; path = Base.lproj/LaunchScreen.storyboard; sourceTree = "<group>"; };
		DB918D9A20D51C8F00C1E773 /* Info.plist */ = {isa = PBXFileReference; lastKnownFileType = text.plist.xml; path = Info.plist; sourceTree = "<group>"; };
		DB918D9F20D51C8F00C1E773 /* CalenderApp2Tests.xctest */ = {isa = PBXFileReference; explicitFileType = wrapper.cfbundle; includeInIndex = 0; path = CalenderApp2Tests.xctest; sourceTree = BUILT_PRODUCTS_DIR; };
		DB918DA320D51C8F00C1E773 /* CalenderApp2Tests.swift */ = {isa = PBXFileReference; lastKnownFileType = sourcecode.swift; path = CalenderApp2Tests.swift; sourceTree = "<group>"; };
		DB918DA520D51C8F00C1E773 /* Info.plist */ = {isa = PBXFileReference; lastKnownFileType = text.plist.xml; path = Info.plist; sourceTree = "<group>"; };
		DB918DAA20D51C8F00C1E773 /* CalenderApp2UITests.xctest */ = {isa = PBXFileReference; explicitFileType = wrapper.cfbundle; includeInIndex = 0; path = CalenderApp2UITests.xctest; sourceTree = BUILT_PRODUCTS_DIR; };
		DB918DAE20D51C8F00C1E773 /* CalenderApp2UITests.swift */ = {isa = PBXFileReference; lastKnownFileType = sourcecode.swift; path = CalenderApp2UITests.swift; sourceTree = "<group>"; };
		DB918DB020D51C8F00C1E773 /* Info.plist */ = {isa = PBXFileReference; lastKnownFileType = text.plist.xml; path = Info.plist; sourceTree = "<group>"; };
		DB918DBC20E75EBC00C1E773 /* CollectionViewCell.swift */ = {isa = PBXFileReference; lastKnownFileType = sourcecode.swift; path = CollectionViewCell.swift; sourceTree = "<group>"; };
		DB918DBD20E75EBC00C1E773 /* CollectionViewCell.xib */ = {isa = PBXFileReference; lastKnownFileType = file.xib; path = CollectionViewCell.xib; sourceTree = "<group>"; };
/* End PBXFileReference section */

/* Begin PBXFrameworksBuildPhase section */
		DB918D8820D51C8D00C1E773 /* Frameworks */ = {
			isa = PBXFrameworksBuildPhase;
			buildActionMask = 2147483647;
			files = (
			);
			runOnlyForDeploymentPostprocessing = 0;
		};
		DB918D9C20D51C8F00C1E773 /* Frameworks */ = {
			isa = PBXFrameworksBuildPhase;
			buildActionMask = 2147483647;
			files = (
			);
			runOnlyForDeploymentPostprocessing = 0;
		};
		DB918DA720D51C8F00C1E773 /* Frameworks */ = {
			isa = PBXFrameworksBuildPhase;
			buildActionMask = 2147483647;
			files = (
			);
			runOnlyForDeploymentPostprocessing = 0;
		};
/* End PBXFrameworksBuildPhase section */

/* Begin PBXGroup section */
		DB918D8220D51C8D00C1E773 = {
			isa = PBXGroup;
			children = (
				DB918D8D20D51C8D00C1E773 /* CalenderApp2 */,
				DB918DA220D51C8F00C1E773 /* CalenderApp2Tests */,
				DB918DAD20D51C8F00C1E773 /* CalenderApp2UITests */,
				DB918D8C20D51C8D00C1E773 /* Products */,
			);
			sourceTree = "<group>";
		};
		DB918D8C20D51C8D00C1E773 /* Products */ = {
			isa = PBXGroup;
			children = (
				DB918D8B20D51C8D00C1E773 /* CalenderApp2.app */,
				DB918D9F20D51C8F00C1E773 /* CalenderApp2Tests.xctest */,
				DB918DAA20D51C8F00C1E773 /* CalenderApp2UITests.xctest */,
			);
			name = Products;
			sourceTree = "<group>";
		};
		DB918D8D20D51C8D00C1E773 /* CalenderApp2 */ = {
			isa = PBXGroup;
			children = (
				DB918D8E20D51C8D00C1E773 /* AppDelegate.swift */,
				DB918D9020D51C8D00C1E773 /* ViewController.swift */,
				DB918D9220D51C8D00C1E773 /* Main.storyboard */,
				DB918DBC20E75EBC00C1E773 /* CollectionViewCell.swift */,
				DB918DBD20E75EBC00C1E773 /* CollectionViewCell.xib */,
				DB918D9520D51C8F00C1E773 /* Assets.xcassets */,
				DB918D9720D51C8F00C1E773 /* LaunchScreen.storyboard */,
				DB918D9A20D51C8F00C1E773 /* Info.plist */,
			);
			path = CalenderApp2;
			sourceTree = "<group>";
		};
		DB918DA220D51C8F00C1E773 /* CalenderApp2Tests */ = {
			isa = PBXGroup;
			children = (
				DB918DA320D51C8F00C1E773 /* CalenderApp2Tests.swift */,
				DB918DA520D51C8F00C1E773 /* Info.plist */,
			);
			path = CalenderApp2Tests;
			sourceTree = "<group>";
		};
		DB918DAD20D51C8F00C1E773 /* CalenderApp2UITests */ = {
			isa = PBXGroup;
			children = (
				DB918DAE20D51C8F00C1E773 /* CalenderApp2UITests.swift */,
				DB918DB020D51C8F00C1E773 /* Info.plist */,
			);
			path = CalenderApp2UITests;
			sourceTree = "<group>";
		};
/* End PBXGroup section */

/* Begin PBXNativeTarget section */
		DB918D8A20D51C8D00C1E773 /* CalenderApp2 */ = {
			isa = PBXNativeTarget;
			buildConfigurationList = DB918DB320D51C8F00C1E773 /* Build configuration list for PBXNativeTarget "CalenderApp2" */;
			buildPhases = (
				DB918D8720D51C8D00C1E773 /* Sources */,
				DB918D8820D51C8D00C1E773 /* Frameworks */,
				DB918D8920D51C8D00C1E773 /* Resources */,
			);
			buildRules = (
			);
			dependencies = (
			);
			name = CalenderApp2;
			productName = CalenderApp2;
			productReference = DB918D8B20D51C8D00C1E773 /* CalenderApp2.app */;
			productType = "com.apple.product-type.application";
		};
		DB918D9E20D51C8F00C1E773 /* CalenderApp2Tests */ = {
			isa = PBXNativeTarget;
			buildConfigurationList = DB918DB620D51C8F00C1E773 /* Build configuration list for PBXNativeTarget "CalenderApp2Tests" */;
			buildPhases = (
				DB918D9B20D51C8F00C1E773 /* Sources */,
				DB918D9C20D51C8F00C1E773 /* Frameworks */,
				DB918D9D20D51C8F00C1E773 /* Resources */,
			);
			buildRules = (
			);
			dependencies = (
				DB918DA120D51C8F00C1E773 /* PBXTargetDependency */,
			);
			name = CalenderApp2Tests;
			productName = CalenderApp2Tests;
			productReference = DB918D9F20D51C8F00C1E773 /* CalenderApp2Tests.xctest */;
			productType = "com.apple.product-type.bundle.unit-test";
		};
		DB918DA920D51C8F00C1E773 /* CalenderApp2UITests */ = {
			isa = PBXNativeTarget;
			buildConfigurationList = DB918DB920D51C8F00C1E773 /* Build configuration list for PBXNativeTarget "CalenderApp2UITests" */;
			buildPhases = (
				DB918DA620D51C8F00C1E773 /* Sources */,
				DB918DA720D51C8F00C1E773 /* Frameworks */,
				DB918DA820D51C8F00C1E773 /* Resources */,
			);
			buildRules = (
			);
			dependencies = (
				DB918DAC20D51C8F00C1E773 /* PBXTargetDependency */,
			);
			name = CalenderApp2UITests;
			productName = CalenderApp2UITests;
			productReference = DB918DAA20D51C8F00C1E773 /* CalenderApp2UITests.xctest */;
			productType = "com.apple.product-type.bundle.ui-testing";
		};
/* End PBXNativeTarget section */

/* Begin PBXProject section */
		DB918D8320D51C8D00C1E773 /* Project object */ = {
			isa = PBXProject;
			attributes = {
				LastSwiftUpdateCheck = 0930;
				LastUpgradeCheck = 0930;
				ORGANIZATIONNAME = YuiMatsuda;
				TargetAttributes = {
					DB918D8A20D51C8D00C1E773 = {
						CreatedOnToolsVersion = 9.3.1;
					};
					DB918D9E20D51C8F00C1E773 = {
						CreatedOnToolsVersion = 9.3.1;
						TestTargetID = DB918D8A20D51C8D00C1E773;
					};
					DB918DA920D51C8F00C1E773 = {
						CreatedOnToolsVersion = 9.3.1;
						TestTargetID = DB918D8A20D51C8D00C1E773;
					};
				};
			};
			buildConfigurationList = DB918D8620D51C8D00C1E773 /* Build configuration list for PBXProject "CalenderApp2" */;
			compatibilityVersion = "Xcode 9.3";
			developmentRegion = en;
			hasScannedForEncodings = 0;
			knownRegions = (
				en,
				Base,
			);
			mainGroup = DB918D8220D51C8D00C1E773;
			productRefGroup = DB918D8C20D51C8D00C1E773 /* Products */;
			projectDirPath = "";
			projectRoot = "";
			targets = (
				DB918D8A20D51C8D00C1E773 /* CalenderApp2 */,
				DB918D9E20D51C8F00C1E773 /* CalenderApp2Tests */,
				DB918DA920D51C8F00C1E773 /* CalenderApp2UITests */,
			);
		};
/* End PBXProject section */

/* Begin PBXResourcesBuildPhase section */
		DB918D8920D51C8D00C1E773 /* Resources */ = {
			isa = PBXResourcesBuildPhase;
			buildActionMask = 2147483647;
			files = (
				DB918D9920D51C8F00C1E773 /* LaunchScreen.storyboard in Resources */,
				DB918D9620D51C8F00C1E773 /* Assets.xcassets in Resources */,
				DB918DBF20E75EBC00C1E773 /* CollectionViewCell.xib in Resources */,
				DB918D9420D51C8D00C1E773 /* Main.storyboard in Resources */,
			);
			runOnlyForDeploymentPostprocessing = 0;
		};
		DB918D9D20D51C8F00C1E773 /* Resources */ = {
			isa = PBXResourcesBuildPhase;
			buildActionMask = 2147483647;
			files = (
			);
			runOnlyForDeploymentPostprocessing = 0;
		};
		DB918DA820D51C8F00C1E773 /* Resources */ = {
			isa = PBXResourcesBuildPhase;
			buildActionMask = 2147483647;
			files = (
			);
			runOnlyForDeploymentPostprocessing = 0;
		};
/* End PBXResourcesBuildPhase section */

/* Begin PBXSourcesBuildPhase section */
		DB918D8720D51C8D00C1E773 /* Sources */ = {
			isa = PBXSourcesBuildPhase;
			buildActionMask = 2147483647;
			files = (
				DB918D9120D51C8D00C1E773 /* ViewController.swift in Sources */,
				DB918D8F20D51C8D00C1E773 /* AppDelegate.swift in Sources */,
				DB918DBE20E75EBC00C1E773 /* CollectionViewCell.swift in Sources */,
			);
			runOnlyForDeploymentPostprocessing = 0;
		};
		DB918D9B20D51C8F00C1E773 /* Sources */ = {
			isa = PBXSourcesBuildPhase;
			buildActionMask = 2147483647;
			files = (
				DB918DA420D51C8F00C1E773 /* CalenderApp2Tests.swift in Sources */,
			);
			runOnlyForDeploymentPostprocessing = 0;
		};
		DB918DA620D51C8F00C1E773 /* Sources */ = {
			isa = PBXSourcesBuildPhase;
			buildActionMask = 2147483647;
			files = (
				DB918DAF20D51C8F00C1E773 /* CalenderApp2UITests.swift in Sources */,
			);
			runOnlyForDeploymentPostprocessing = 0;
		};
/* End PBXSourcesBuildPhase section */

/* Begin PBXTargetDependency section */
		DB918DA120D51C8F00C1E773 /* PBXTargetDependency */ = {
			isa = PBXTargetDependency;
			target = DB918D8A20D51C8D00C1E773 /* CalenderApp2 */;
			targetProxy = DB918DA020D51C8F00C1E773 /* PBXContainerItemProxy */;
		};
		DB918DAC20D51C8F00C1E773 /* PBXTargetDependency */ = {
			isa = PBXTargetDependency;
			target = DB918D8A20D51C8D00C1E773 /* CalenderApp2 */;
			targetProxy = DB918DAB20D51C8F00C1E773 /* PBXContainerItemProxy */;
		};
/* End PBXTargetDependency section */

/* Begin PBXVariantGroup section */
		DB918D9220D51C8D00C1E773 /* Main.storyboard */ = {
			isa = PBXVariantGroup;
			children = (
				DB918D9320D51C8D00C1E773 /* Base */,
			);
			name = Main.storyboard;
			sourceTree = "<group>";
		};
		DB918D9720D51C8F00C1E773 /* LaunchScreen.storyboard */ = {
			isa = PBXVariantGroup;
			children = (
				DB918D9820D51C8F00C1E773 /* Base */,
			);
			name = LaunchScreen.storyboard;
			sourceTree = "<group>";
		};
/* End PBXVariantGroup section */

/* Begin XCBuildConfiguration section */
		DB918DB120D51C8F00C1E773 /* Debug */ = {
			isa = XCBuildConfiguration;
			buildSettings = {
				ALWAYS_SEARCH_USER_PATHS = NO;
				CLANG_ANALYZER_NONNULL = YES;
				CLANG_ANALYZER_NUMBER_OBJECT_CONVERSION = YES_AGGRESSIVE;
				CLANG_CXX_LANGUAGE_STANDARD = "gnu++14";
				CLANG_CXX_LIBRARY = "libc++";
				CLANG_ENABLE_MODULES = YES;
				CLANG_ENABLE_OBJC_ARC = YES;
				CLANG_ENABLE_OBJC_WEAK = YES;
				CLANG_WARN_BLOCK_CAPTURE_AUTORELEASING = YES;
				CLANG_WARN_BOOL_CONVERSION = YES;
				CLANG_WARN_COMMA = YES;
				CLANG_WARN_CONSTANT_CONVERSION = YES;
				CLANG_WARN_DEPRECATED_OBJC_IMPLEMENTATIONS = YES;
				CLANG_WARN_DIRECT_OBJC_ISA_USAGE = YES_ERROR;
				CLANG_WARN_DOCUMENTATION_COMMENTS = YES;
				CLANG_WARN_EMPTY_BODY = YES;
				CLANG_WARN_ENUM_CONVERSION = YES;
				CLANG_WARN_INFINITE_RECURSION = YES;
				CLANG_WARN_INT_CONVERSION = YES;
				CLANG_WARN_NON_LITERAL_NULL_CONVERSION = YES;
				CLANG_WARN_OBJC_IMPLICIT_RETAIN_SELF = YES;
				CLANG_WARN_OBJC_LITERAL_CONVERSION = YES;
				CLANG_WARN_OBJC_ROOT_CLASS = YES_ERROR;
				CLANG_WARN_RANGE_LOOP_ANALYSIS = YES;
				CLANG_WARN_STRICT_PROTOTYPES = YES;
				CLANG_WARN_SUSPICIOUS_MOVE = YES;
				CLANG_WARN_UNGUARDED_AVAILABILITY = YES_AGGRESSIVE;
				CLANG_WARN_UNREACHABLE_CODE = YES;
				CLANG_WARN__DUPLICATE_METHOD_MATCH = YES;
				CODE_SIGN_IDENTITY = "iPhone Developer";
				COPY_PHASE_STRIP = NO;
				DEBUG_INFORMATION_FORMAT = dwarf;
				ENABLE_STRICT_OBJC_MSGSEND = YES;
				ENABLE_TESTABILITY = YES;
				GCC_C_LANGUAGE_STANDARD = gnu11;
				GCC_DYNAMIC_NO_PIC = NO;
				GCC_NO_COMMON_BLOCKS = YES;
				GCC_OPTIMIZATION_LEVEL = 0;
				GCC_PREPROCESSOR_DEFINITIONS = (
					"DEBUG=1",
					"$(inherited)",
				);
				GCC_WARN_64_TO_32_BIT_CONVERSION = YES;
				GCC_WARN_ABOUT_RETURN_TYPE = YES_ERROR;
				GCC_WARN_UNDECLARED_SELECTOR = YES;
				GCC_WARN_UNINITIALIZED_AUTOS = YES_AGGRESSIVE;
				GCC_WARN_UNUSED_FUNCTION = YES;
				GCC_WARN_UNUSED_VARIABLE = YES;
				IPHONEOS_DEPLOYMENT_TARGET = 11.3;
				MTL_ENABLE_DEBUG_INFO = YES;
				ONLY_ACTIVE_ARCH = YES;
				SDKROOT = iphoneos;
				SWIFT_ACTIVE_COMPILATION_CONDITIONS = DEBUG;
				SWIFT_OPTIMIZATION_LEVEL = "-Onone";
			};
			name = Debug;
		};
		DB918DB220D51C8F00C1E773 /* Release */ = {
			isa = XCBuildConfiguration;
			buildSettings = {
				ALWAYS_SEARCH_USER_PATHS = NO;
				CLANG_ANALYZER_NONNULL = YES;
				CLANG_ANALYZER_NUMBER_OBJECT_CONVERSION = YES_AGGRESSIVE;
				CLANG_CXX_LANGUAGE_STANDARD = "gnu++14";
				CLANG_CXX_LIBRARY = "libc++";
				CLANG_ENABLE_MODULES = YES;
				CLANG_ENABLE_OBJC_ARC = YES;
				CLANG_ENABLE_OBJC_WEAK = YES;
				CLANG_WARN_BLOCK_CAPTURE_AUTORELEASING = YES;
				CLANG_WARN_BOOL_CONVERSION = YES;
				CLANG_WARN_COMMA = YES;
				CLANG_WARN_CONSTANT_CONVERSION = YES;
				CLANG_WARN_DEPRECATED_OBJC_IMPLEMENTATIONS = YES;
				CLANG_WARN_DIRECT_OBJC_ISA_USAGE = YES_ERROR;
				CLANG_WARN_DOCUMENTATION_COMMENTS = YES;
				CLANG_WARN_EMPTY_BODY = YES;
				CLANG_WARN_ENUM_CONVERSION = YES;
				CLANG_WARN_INFINITE_RECURSION = YES;
				CLANG_WARN_INT_CONVERSION = YES;
				CLANG_WARN_NON_LITERAL_NULL_CONVERSION = YES;
				CLANG_WARN_OBJC_IMPLICIT_RETAIN_SELF = YES;
				CLANG_WARN_OBJC_LITERAL_CONVERSION = YES;
				CLANG_WARN_OBJC_ROOT_CLASS = YES_ERROR;
				CLANG_WARN_RANGE_LOOP_ANALYSIS = YES;
				CLANG_WARN_STRICT_PROTOTYPES = YES;
				CLANG_WARN_SUSPICIOUS_MOVE = YES;
				CLANG_WARN_UNGUARDED_AVAILABILITY = YES_AGGRESSIVE;
				CLANG_WARN_UNREACHABLE_CODE = YES;
				CLANG_WARN__DUPLICATE_METHOD_MATCH = YES;
				CODE_SIGN_IDENTITY = "iPhone Developer";
				COPY_PHASE_STRIP = NO;
				DEBUG_INFORMATION_FORMAT = "dwarf-with-dsym";
				ENABLE_NS_ASSERTIONS = NO;
				ENABLE_STRICT_OBJC_MSGSEND = YES;
				GCC_C_LANGUAGE_STANDARD = gnu11;
				GCC_NO_COMMON_BLOCKS = YES;
				GCC_WARN_64_TO_32_BIT_CONVERSION = YES;
				GCC_WARN_ABOUT_RETURN_TYPE = YES_ERROR;
				GCC_WARN_UNDECLARED_SELECTOR = YES;
				GCC_WARN_UNINITIALIZED_AUTOS = YES_AGGRESSIVE;
				GCC_WARN_UNUSED_FUNCTION = YES;
				GCC_WARN_UNUSED_VARIABLE = YES;
				IPHONEOS_DEPLOYMENT_TARGET = 11.3;
				MTL_ENABLE_DEBUG_INFO = NO;
				SDKROOT = iphoneos;
				SWIFT_COMPILATION_MODE = wholemodule;
				SWIFT_OPTIMIZATION_LEVEL = "-O";
				VALIDATE_PRODUCT = YES;
			};
			name = Release;
		};
		DB918DB420D51C8F00C1E773 /* Debug */ = {
			isa = XCBuildConfiguration;
			buildSettings = {
				ASSETCATALOG_COMPILER_APPICON_NAME = AppIcon;
				CODE_SIGN_STYLE = Automatic;
				INFOPLIST_FILE = CalenderApp2/Info.plist;
				LD_RUNPATH_SEARCH_PATHS = (
					"$(inherited)",
					"@executable_path/Frameworks",
				);
				PRODUCT_BUNDLE_IDENTIFIER = com.litech.CalenderApp2;
				PRODUCT_NAME = "$(TARGET_NAME)";
				SWIFT_VERSION = 4.0;
				TARGETED_DEVICE_FAMILY = "1,2";
			};
			name = Debug;
		};
		DB918DB520D51C8F00C1E773 /* Release */ = {
			isa = XCBuildConfiguration;
			buildSettings = {
				ASSETCATALOG_COMPILER_APPICON_NAME = AppIcon;
				CODE_SIGN_STYLE = Automatic;
				INFOPLIST_FILE = CalenderApp2/Info.plist;
				LD_RUNPATH_SEARCH_PATHS = (
					"$(inherited)",
					"@executable_path/Frameworks",
				);
				PRODUCT_BUNDLE_IDENTIFIER = com.litech.CalenderApp2;
				PRODUCT_NAME = "$(TARGET_NAME)";
				SWIFT_VERSION = 4.0;
				TARGETED_DEVICE_FAMILY = "1,2";
			};
			name = Release;
		};
		DB918DB720D51C8F00C1E773 /* Debug */ = {
			isa = XCBuildConfiguration;
			buildSettings = {
				ALWAYS_EMBED_SWIFT_STANDARD_LIBRARIES = YES;
				BUNDLE_LOADER = "$(TEST_HOST)";
				CODE_SIGN_STYLE = Automatic;
				INFOPLIST_FILE = CalenderApp2Tests/Info.plist;
				LD_RUNPATH_SEARCH_PATHS = (
					"$(inherited)",
					"@executable_path/Frameworks",
					"@loader_path/Frameworks",
				);
				PRODUCT_BUNDLE_IDENTIFIER = com.litech.CalenderApp2Tests;
				PRODUCT_NAME = "$(TARGET_NAME)";
				SWIFT_VERSION = 4.0;
				TARGETED_DEVICE_FAMILY = "1,2";
				TEST_HOST = "$(BUILT_PRODUCTS_DIR)/CalenderApp2.app/CalenderApp2";
			};
			name = Debug;
		};
		DB918DB820D51C8F00C1E773 /* Release */ = {
			isa = XCBuildConfiguration;
			buildSettings = {
				ALWAYS_EMBED_SWIFT_STANDARD_LIBRARIES = YES;
				BUNDLE_LOADER = "$(TEST_HOST)";
				CODE_SIGN_STYLE = Automatic;
				INFOPLIST_FILE = CalenderApp2Tests/Info.plist;
				LD_RUNPATH_SEARCH_PATHS = (
					"$(inherited)",
					"@executable_path/Frameworks",
					"@loader_path/Frameworks",
				);
				PRODUCT_BUNDLE_IDENTIFIER = com.litech.CalenderApp2Tests;
				PRODUCT_NAME = "$(TARGET_NAME)";
				SWIFT_VERSION = 4.0;
				TARGETED_DEVICE_FAMILY = "1,2";
				TEST_HOST = "$(BUILT_PRODUCTS_DIR)/CalenderApp2.app/CalenderApp2";
			};
			name = Release;
		};
		DB918DBA20D51C8F00C1E773 /* Debug */ = {
			isa = XCBuildConfiguration;
			buildSettings = {
				ALWAYS_EMBED_SWIFT_STANDARD_LIBRARIES = YES;
				CODE_SIGN_STYLE = Automatic;
				INFOPLIST_FILE = CalenderApp2UITests/Info.plist;
				LD_RUNPATH_SEARCH_PATHS = (
					"$(inherited)",
					"@executable_path/Frameworks",
					"@loader_path/Frameworks",
				);
				PRODUCT_BUNDLE_IDENTIFIER = com.litech.CalenderApp2UITests;
				PRODUCT_NAME = "$(TARGET_NAME)";
				SWIFT_VERSION = 4.0;
				TARGETED_DEVICE_FAMILY = "1,2";
				TEST_TARGET_NAME = CalenderApp2;
			};
			name = Debug;
		};
		DB918DBB20D51C8F00C1E773 /* Release */ = {
			isa = XCBuildConfiguration;
			buildSettings = {
				ALWAYS_EMBED_SWIFT_STANDARD_LIBRARIES = YES;
				CODE_SIGN_STYLE = Automatic;
				INFOPLIST_FILE = CalenderApp2UITests/Info.plist;
				LD_RUNPATH_SEARCH_PATHS = (
					"$(inherited)",
					"@executable_path/Frameworks",
					"@loader_path/Frameworks",
				);
				PRODUCT_BUNDLE_IDENTIFIER = com.litech.CalenderApp2UITests;
				PRODUCT_NAME = "$(TARGET_NAME)";
				SWIFT_VERSION = 4.0;
				TARGETED_DEVICE_FAMILY = "1,2";
				TEST_TARGET_NAME = CalenderApp2;
			};
			name = Release;
		};
/* End XCBuildConfiguration section */

/* Begin XCConfigurationList section */
		DB918D8620D51C8D00C1E773 /* Build configuration list for PBXProject "CalenderApp2" */ = {
			isa = XCConfigurationList;
			buildConfigurations = (
				DB918DB120D51C8F00C1E773 /* Debug */,
				DB918DB220D51C8F00C1E773 /* Release */,
			);
			defaultConfigurationIsVisible = 0;
			defaultConfigurationName = Release;
		};
		DB918DB320D51C8F00C1E773 /* Build configuration list for PBXNativeTarget "CalenderApp2" */ = {
			isa = XCConfigurationList;
			buildConfigurations = (
				DB918DB420D51C8F00C1E773 /* Debug */,
				DB918DB520D51C8F00C1E773 /* Release */,
			);
			defaultConfigurationIsVisible = 0;
			defaultConfigurationName = Release;
		};
		DB918DB620D51C8F00C1E773 /* Build configuration list for PBXNativeTarget "CalenderApp2Tests" */ = {
			isa = XCConfigurationList;
			buildConfigurations = (
				DB918DB720D51C8F00C1E773 /* Debug */,
				DB918DB820D51C8F00C1E773 /* Release */,
			);
			defaultConfigurationIsVisible = 0;
			defaultConfigurationName = Release;
		};
		DB918DB920D51C8F00C1E773 /* Build configuration list for PBXNativeTarget "CalenderApp2UITests" */ = {
			isa = XCConfigurationList;
			buildConfigurations = (
				DB918DBA20D51C8F00C1E773 /* Debug */,
				DB918DBB20D51C8F00C1E773 /* Release */,
			);
			defaultConfigurationIsVisible = 0;
			defaultConfigurationName = Release;
		};
/* End XCConfigurationList section */
	};
	rootObject = DB918D8320D51C8D00C1E773 /* Project object */;
}
